
Microsoft Visual Studio Solution File, Format Version 12.00
# Visual Studio Version 16
VisualStudioVersion = 16.0.30330.147
MinimumVisualStudioVersion = 10.0.40219.1
Project("{FAE04EC0-301F-11D3-BF4B-00C04F79EFBC}") = "TarefaPlayStationAtualizado", "TarefaPlayStationAtualizado.csproj", "{1810BF10-C286-4262-A311-5A722F4227DD}"
EndProject
Global
	GlobalSection(SolutionConfigurationPlatforms) = preSolution
		Debug|Any CPU = Debug|Any CPU
		Release|Any CPU = Release|Any CPU
	EndGlobalSection
	GlobalSection(ProjectConfigurationPlatforms) = postSolution
		{1810BF10-C286-4262-A311-5A722F4227DD}.Debug|Any CPU.ActiveCfg = Debug|Any CPU
		{1810BF10-C286-4262-A311-5A722F4227DD}.Debug|Any CPU.Build.0 = Debug|Any CPU
		{1810BF10-C286-4262-A311-5A722F4227DD}.Release|Any CPU.ActiveCfg = Release|Any CPU
		{1810BF10-C286-4262-A311-5A722F4227DD}.Release|Any CPU.Build.0 = Release|Any CPU
	EndGlobalSection
	GlobalSection(SolutionProperties) = preSolution
		HideSolutionNode = FALSE
	EndGlobalSection
	GlobalSection(ExtensibilityGlobals) = postSolution
		SolutionGuid = {BB4EB90A-530F-4BD6-B28D-4FA2C06CB5F5}
	EndGlobalSection
EndGlobal
