
Microsoft Visual Studio Solution File, Format Version 12.00
# Visual Studio Version 16
VisualStudioVersion = 16.0.30330.147
MinimumVisualStudioVersion = 10.0.40219.1
Project("{FAE04EC0-301F-11D3-BF4B-00C04F79EFBC}") = "Tarefa12-10-2020", "Tarefa12-10-2020.csproj", "{57F5AB1A-83BC-442D-953C-922D8F831C93}"
EndProject
Global
	GlobalSection(SolutionConfigurationPlatforms) = preSolution
		Debug|Any CPU = Debug|Any CPU
		Release|Any CPU = Release|Any CPU
	EndGlobalSection
	GlobalSection(ProjectConfigurationPlatforms) = postSolution
		{57F5AB1A-83BC-442D-953C-922D8F831C93}.Debug|Any CPU.ActiveCfg = Debug|Any CPU
		{57F5AB1A-83BC-442D-953C-922D8F831C93}.Debug|Any CPU.Build.0 = Debug|Any CPU
		{57F5AB1A-83BC-442D-953C-922D8F831C93}.Release|Any CPU.ActiveCfg = Release|Any CPU
		{57F5AB1A-83BC-442D-953C-922D8F831C93}.Release|Any CPU.Build.0 = Release|Any CPU
	EndGlobalSection
	GlobalSection(SolutionProperties) = preSolution
		HideSolutionNode = FALSE
	EndGlobalSection
	GlobalSection(ExtensibilityGlobals) = postSolution
		SolutionGuid = {1013EB38-74A9-47E9-AC38-4064971F6F3A}
	EndGlobalSection
EndGlobal
